github.com/bep/hugo-starter-tailwind-basic/v2 v2.1.0 h1:Gc/99KUrAQkZlnoFcCaxWmYHmqzWgTSnYB+Pv4vNe4M=
github.com/bep/hugo-starter-tailwind-basic/v2 v2.1.0/go.mod h1:uskmdVlDfz8aTjohnPUlsAfs5qFFTyfivqwsWXaQvgA=
github.com/gohugoio/hugo-mod-heroicons v0.0.0-20210121184556-d1635e3c8e62 h1:jtmtbc8wd17iUall0Hl6ZBE5Q4l0rQYWnpvk4/g0LuY=
github.com/gohugoio/hugo-mod-heroicons v0.0.0-20210121184556-d1635e3c8e62/go.mod h1:6mFNBWXSBQpSRwVrb1jozCJDgQkw+5aIu1yy17D0PW4=
github.com/refactoringui/heroicons v0.4.2/go.mod h1:82HsLWQga7MkEl5aK8TctxPPIBlXrsyWcVTB57uipuk=
github.com/team-durumi/hugo-search-fuse-js-aa v0.0.0-20210628094619-e3ae4cfbf0b6 h1:PboSCXkAHe8rxzNniAMCa+kLbn84IqoZYTb/MMSTHpQ=
github.com/team-durumi/hugo-search-fuse-js-aa v0.0.0-20210628094619-e3ae4cfbf0b6/go.mod h1:DDfMJGftuK8bUsDJdl3nM/vlzAvSjVNi2IejQleS5tY=
github.com/team-durumi/tailwind-aa-theme v0.0.0-20211217133713-92022565cc93 h1:6kZpUECTDffWJr2CYe0KxgW8LozsSBNwhhmPhNBPpfQ=
github.com/team-durumi/tailwind-aa-theme v0.0.0-20211217133713-92022565cc93/go.mod h1:vdKTWy/bSPbxjMX5JeEQg9oJPwrxQDu5I+f2iWfiaR0=
github.com/team-durumi/theme-wwm v0.0.0-20220113004647-bed8bef914ad h1:qDISd6UfU+EekzCDOUQeYr+KbiYFLXyql+lMawzCKgA=
github.com/team-durumi/theme-wwm v0.0.0-20220113004647-bed8bef914ad/go.mod h1:CFjOfeGPDkaUdMdhIjrUdFnjdbk1b/P7hb4H2WQfxPM=
github.com/team-durumi/theme-wwm v0.0.0-20220118063444-31ed006764df h1:c3egGOPy5WHH/cgKrE6QUdhvrIPE0UrUMp3Sf5/ifqw=
github.com/team-durumi/theme-wwm v0.0.0-20220118063444-31ed006764df/go.mod h1:CFjOfeGPDkaUdMdhIjrUdFnjdbk1b/P7hb4H2WQfxPM=
github.com/team-durumi/theme-wwm v0.0.0-20220118085032-50654d187cb1 h1:0riR8n7ij176xljbc53Tp/aDtoo218SmMeWGPGC/bqw=
github.com/team-durumi/theme-wwm v0.0.0-20220118085032-50654d187cb1/go.mod h1:CFjOfeGPDkaUdMdhIjrUdFnjdbk1b/P7hb4H2WQfxPM=
github.com/team-durumi/theme-wwm v0.0.0-20220119071552-652421c7e3c2 h1:3CGh1wokVnc+24exSm1PuiLQRjLH55Scw6pqMa+85tg=
github.com/team-durumi/theme-wwm v0.0.0-20220119071552-652421c7e3c2/go.mod h1:CFjOfeGPDkaUdMdhIjrUdFnjdbk1b/P7hb4H2WQfxPM=
github.com/team-durumi/theme-wwm v0.0.0-20220119112004-9cac739fcf68 h1:jdLShTa+/lBat5zh+uBgb5EZmmIrtSL27xLGMwrKsHg=
github.com/team-durumi/theme-wwm v0.0.0-20220119112004-9cac739fcf68/go.mod h1:CFjOfeGPDkaUdMdhIjrUdFnjdbk1b/P7hb4H2WQfxPM=
github.com/team-durumi/theme-wwm v0.0.0-20220120022209-119ad47a8d29 h1:9tvydU/++u4bs7gZvcRGguZMzP8PHcFOoQIs9fhZ8Yc=
github.com/team-durumi/theme-wwm v0.0.0-20220120022209-119ad47a8d29/go.mod h1:CFjOfeGPDkaUdMdhIjrUdFnjdbk1b/P7hb4H2WQfxPM=
github.com/team-durumi/theme-wwm v0.0.0-20220120023920-1ba2dd98b0b5 h1:m++T8pS0TgWHOwc/nxzglEZI6vtE2nFey1FB9WIWBbI=
github.com/team-durumi/theme-wwm v0.0.0-20220120023920-1ba2dd98b0b5/go.mod h1:CFjOfeGPDkaUdMdhIjrUdFnjdbk1b/P7hb4H2WQfxPM=
github.com/team-durumi/theme-wwm v0.0.0-20220121064316-bcb88d9c7b8a h1:BKRwe6FQq4vN9SoaZRpbgJPXv9rgKzh14VYbAUsTN50=
github.com/team-durumi/theme-wwm v0.0.0-20220121064316-bcb88d9c7b8a/go.mod h1:CFjOfeGPDkaUdMdhIjrUdFnjdbk1b/P7hb4H2WQfxPM=
github.com/team-durumi/theme-wwm v0.0.0-20220121065453-9d816b2a804a h1:t+RC7ZnneteM5hkhXilkkVW/J31xsmNJA5MraqpHW3I=
github.com/team-durumi/theme-wwm v0.0.0-20220121065453-9d816b2a804a/go.mod h1:CFjOfeGPDkaUdMdhIjrUdFnjdbk1b/P7hb4H2WQfxPM=
github.com/team-durumi/theme-wwm v0.0.0-20220121071246-e907750d5477 h1:y9+TqkU0A2YkPdZEBlDTUuU5BKF/HWbO/ge9a1Akrqw=
github.com/team-durumi/theme-wwm v0.0.0-20220121071246-e907750d5477/go.mod h1:CFjOfeGPDkaUdMdhIjrUdFnjdbk1b/P7hb4H2WQfxPM=
github.com/team-durumi/theme-wwm v0.0.0-20220121074427-898de9c918df h1:6vTa90yIm+0+5sonX851rOfVllf+SoNVRW65VDa1KhI=
github.com/team-durumi/theme-wwm v0.0.0-20220121074427-898de9c918df/go.mod h1:CFjOfeGPDkaUdMdhIjrUdFnjdbk1b/P7hb4H2WQfxPM=
github.com/team-durumi/theme-wwm v0.0.0-20220124023529-952eb52fabde h1:x7B1UrndWcF0CrxqGfm1ljBqZ36DqN2NUAcV3bKU4sE=
github.com/team-durumi/theme-wwm v0.0.0-20220124023529-952eb52fabde/go.mod h1:CFjOfeGPDkaUdMdhIjrUdFnjdbk1b/P7hb4H2WQfxPM=
github.com/team-durumi/theme-wwm v0.0.0-20220124130728-3988ba13ff19 h1:/zCYlzluyYeNPLwCqpOyuG1wpxOZ+lHoWdSmx/ltZnE=
github.com/team-durumi/theme-wwm v0.0.0-20220124130728-3988ba13ff19/go.mod h1:CFjOfeGPDkaUdMdhIjrUdFnjdbk1b/P7hb4H2WQfxPM=
github.com/team-durumi/theme-wwm v0.0.0-20220127054456-e056eaadcd17 h1:/WAnywZpfyT0+JsA8D38/OLcAmotMnqaUx01U7r8YYg=
github.com/team-durumi/theme-wwm v0.0.0-20220127054456-e056eaadcd17/go.mod h1:CFjOfeGPDkaUdMdhIjrUdFnjdbk1b/P7hb4H2WQfxPM=
github.com/team-durumi/theme-wwm v0.0.0-20220127054849-afea1fcdf13c h1:v6Bi2mt9Q4gykVxzauG+aAeoPzwZWsX6lp6PFnwqu4M=
github.com/team-durumi/theme-wwm v0.0.0-20220127054849-afea1fcdf13c/go.mod h1:CFjOfeGPDkaUdMdhIjrUdFnjdbk1b/P7hb4H2WQfxPM=
github.com/team-durumi/theme-wwm v0.0.0-20220127070042-7d49ee89e824 h1:7OhimgJg2xnLkgZ7ENE3xZTILyuvtQIvqucleZBydyw=
github.com/team-durumi/theme-wwm v0.0.0-20220127070042-7d49ee89e824/go.mod h1:CFjOfeGPDkaUdMdhIjrUdFnjdbk1b/P7hb4H2WQfxPM=
github.com/team-durumi/theme-wwm v0.0.0-20220127071245-3f59d3427670 h1:3agTrOhfryE0haV3NWLL1l0F38FNX9NzQe/V6hFkRY8=
github.com/team-durumi/theme-wwm v0.0.0-20220127071245-3f59d3427670/go.mod h1:CFjOfeGPDkaUdMdhIjrUdFnjdbk1b/P7hb4H2WQfxPM=
github.com/team-durumi/theme-wwm v0.0.0-20220127093954-5298909a67a4 h1:7urZPR2VKqUBRph2jTIbgOt3cjB/B8Ih4NSsJ+MY9TU=
github.com/team-durumi/theme-wwm v0.0.0-20220127093954-5298909a67a4/go.mod h1:CFjOfeGPDkaUdMdhIjrUdFnjdbk1b/P7hb4H2WQfxPM=
github.com/team-durumi/theme-wwm v0.0.0-20220128093820-f350cdb5d585 h1:4Y+7QZdncgHFxerbKaE668dvIhT3cjREX0z1O6f1RUs=
github.com/team-durumi/theme-wwm v0.0.0-20220128093820-f350cdb5d585/go.mod h1:CFjOfeGPDkaUdMdhIjrUdFnjdbk1b/P7hb4H2WQfxPM=
github.com/team-durumi/theme-wwm v0.0.0-20220203071141-7cd951b397c0 h1:42VhtTA5Rq+Zo94Pax9EYfLkM8bvR5aX2xOT02aL1L4=
github.com/team-durumi/theme-wwm v0.0.0-20220203071141-7cd951b397c0/go.mod h1:CFjOfeGPDkaUdMdhIjrUdFnjdbk1b/P7hb4H2WQfxPM=
github.com/team-durumi/theme-wwm v0.0.0-20220203084121-daaf377c1846 h1:V1d7x8PbgCiqUkVawWcSUyyDx8y6lrwaOUlSWtbBDS8=
github.com/team-durumi/theme-wwm v0.0.0-20220203084121-daaf377c1846/go.mod h1:CFjOfeGPDkaUdMdhIjrUdFnjdbk1b/P7hb4H2WQfxPM=
github.com/team-durumi/theme-wwm v0.0.0-20220204012803-dbda8b193356 h1:Jh9q/f3nDptGwujZ723Q9lNpUVgwj9dbFkf/wzwZ0dg=
github.com/team-durumi/theme-wwm v0.0.0-20220204012803-dbda8b193356/go.mod h1:CFjOfeGPDkaUdMdhIjrUdFnjdbk1b/P7hb4H2WQfxPM=
